
Microsoft Visual Studio Solution File, Format Version 12.00
# Visual Studio 14
VisualStudioVersion = 14.0.22310.1
MinimumVisualStudioVersion = 10.0.40219.1
Project("{8BB2217D-0F2D-49D1-97BC-3654ED321F3B}") = "Blacklite.Framework.GlobalEvents", "src\Blacklite.Framework.GlobalEvents\Blacklite.Framework.GlobalEvents.kproj", "{61900673-90C0-4492-BAD8-97767CE28B84}"
EndProject
Project("{2150E333-8FDC-42A3-9474-1A3956D46DE8}") = "build", "build", "{BC0A1D44-C65A-4B9F-A902-2195AC58EDA5}"
	ProjectSection(SolutionItems) = preProject
		makefile.shade = makefile.shade
	EndProjectSection
EndProject
Project("{2150E333-8FDC-42A3-9474-1A3956D46DE8}") = ".build", ".build", "{BC3E81E6-42F7-4172-A54F-BA82CF1DC2BC}"
	ProjectSection(SolutionItems) = preProject
		build.cmd = build.cmd
		build.sh = build.sh
	EndProjectSection
EndProject
Project("{2150E333-8FDC-42A3-9474-1A3956D46DE8}") = ".config", ".config", "{0681D3C4-2153-44C5-987D-5367907E9C82}"
	ProjectSection(SolutionItems) = preProject
		.editorconfig = .editorconfig
		.gitattributes = .gitattributes
		.gitignore = .gitignore
		appveyor.yml = appveyor.yml
		global.json = global.json
		NuGet.config = NuGet.config
	EndProjectSection
EndProject
Project("{2150E333-8FDC-42A3-9474-1A3956D46DE8}") = "src", "src", "{A039DEB7-AE7E-4D1E-A36A-887E70F61260}"
EndProject
Project("{2150E333-8FDC-42A3-9474-1A3956D46DE8}") = "tests", "tests", "{C65C7423-CD10-4116-A3BA-859D2E008E91}"
EndProject
Project("{8BB2217D-0F2D-49D1-97BC-3654ED321F3B}") = "GlobalEvents.Tests", "tests\GlobalEvents.Tests\GlobalEvents.Tests.kproj", "{C20D0251-C222-4FC7-BDA1-7BAE56BCC988}"
EndProject
Project("{8BB2217D-0F2D-49D1-97BC-3654ED321F3B}") = "Blacklite.Framework.Interfaces", "src\Blacklite.Framework.Interfaces\Blacklite.Framework.Interfaces.kproj", "{B31A377D-1905-4438-A02B-CD4EEAD8DCC7}"
EndProject
Global
	GlobalSection(SolutionConfigurationPlatforms) = preSolution
		Debug|Any CPU = Debug|Any CPU
		Release|Any CPU = Release|Any CPU
	EndGlobalSection
	GlobalSection(ProjectConfigurationPlatforms) = postSolution
		{61900673-90C0-4492-BAD8-97767CE28B84}.Debug|Any CPU.ActiveCfg = Debug|Any CPU
		{61900673-90C0-4492-BAD8-97767CE28B84}.Debug|Any CPU.Build.0 = Debug|Any CPU
		{61900673-90C0-4492-BAD8-97767CE28B84}.Release|Any CPU.ActiveCfg = Release|Any CPU
		{61900673-90C0-4492-BAD8-97767CE28B84}.Release|Any CPU.Build.0 = Release|Any CPU
		{C20D0251-C222-4FC7-BDA1-7BAE56BCC988}.Debug|Any CPU.ActiveCfg = Debug|Any CPU
		{C20D0251-C222-4FC7-BDA1-7BAE56BCC988}.Debug|Any CPU.Build.0 = Debug|Any CPU
		{C20D0251-C222-4FC7-BDA1-7BAE56BCC988}.Release|Any CPU.ActiveCfg = Release|Any CPU
		{C20D0251-C222-4FC7-BDA1-7BAE56BCC988}.Release|Any CPU.Build.0 = Release|Any CPU
		{B31A377D-1905-4438-A02B-CD4EEAD8DCC7}.Debug|Any CPU.ActiveCfg = Debug|Any CPU
		{B31A377D-1905-4438-A02B-CD4EEAD8DCC7}.Debug|Any CPU.Build.0 = Debug|Any CPU
		{B31A377D-1905-4438-A02B-CD4EEAD8DCC7}.Release|Any CPU.ActiveCfg = Release|Any CPU
		{B31A377D-1905-4438-A02B-CD4EEAD8DCC7}.Release|Any CPU.Build.0 = Release|Any CPU
	EndGlobalSection
	GlobalSection(SolutionProperties) = preSolution
		HideSolutionNode = FALSE
	EndGlobalSection
	GlobalSection(NestedProjects) = preSolution
		{61900673-90C0-4492-BAD8-97767CE28B84} = {A039DEB7-AE7E-4D1E-A36A-887E70F61260}
		{C20D0251-C222-4FC7-BDA1-7BAE56BCC988} = {C65C7423-CD10-4116-A3BA-859D2E008E91}
		{B31A377D-1905-4438-A02B-CD4EEAD8DCC7} = {A039DEB7-AE7E-4D1E-A36A-887E70F61260}
	EndGlobalSection
EndGlobal
